
Microsoft Visual Studio Solution File, Format Version 12.00
# Visual Studio Version 17
VisualStudioVersion = 17.12.35707.178 d17.12
MinimumVisualStudioVersion = 10.0.40219.1
Project("{FAE04EC0-301F-11D3-BF4B-00C04F79EFBC}") = "Company.G02.PL", "Company.G02.PL\Company.G02.PL.csproj", "{697165E1-C819-46AA-A9D4-5FC8F91B508D}"
EndProject
Project("{FAE04EC0-301F-11D3-BF4B-00C04F79EFBC}") = "Company.G02.DAL", "Company.G02.DAL\Company.G02.DAL.csproj", "{369531CF-4089-4226-A19A-EC2003098E0E}"
EndProject
Project("{FAE04EC0-301F-11D3-BF4B-00C04F79EFBC}") = "Company.G02.BLL", "Company.G02.BLL\Company.G02.BLL.csproj", "{BE19D48C-EE7B-454E-8923-F76BF327D4D4}"
EndProject
Global
	GlobalSection(SolutionConfigurationPlatforms) = preSolution
		Debug|Any CPU = Debug|Any CPU
		Release|Any CPU = Release|Any CPU
	EndGlobalSection
	GlobalSection(ProjectConfigurationPlatforms) = postSolution
		{697165E1-C819-46AA-A9D4-5FC8F91B508D}.Debug|Any CPU.ActiveCfg = Debug|Any CPU
		{697165E1-C819-46AA-A9D4-5FC8F91B508D}.Debug|Any CPU.Build.0 = Debug|Any CPU
		{697165E1-C819-46AA-A9D4-5FC8F91B508D}.Release|Any CPU.ActiveCfg = Release|Any CPU
		{697165E1-C819-46AA-A9D4-5FC8F91B508D}.Release|Any CPU.Build.0 = Release|Any CPU
		{369531CF-4089-4226-A19A-EC2003098E0E}.Debug|Any CPU.ActiveCfg = Debug|Any CPU
		{369531CF-4089-4226-A19A-EC2003098E0E}.Debug|Any CPU.Build.0 = Debug|Any CPU
		{369531CF-4089-4226-A19A-EC2003098E0E}.Release|Any CPU.ActiveCfg = Release|Any CPU
		{369531CF-4089-4226-A19A-EC2003098E0E}.Release|Any CPU.Build.0 = Release|Any CPU
		{BE19D48C-EE7B-454E-8923-F76BF327D4D4}.Debug|Any CPU.ActiveCfg = Debug|Any CPU
		{BE19D48C-EE7B-454E-8923-F76BF327D4D4}.Debug|Any CPU.Build.0 = Debug|Any CPU
		{BE19D48C-EE7B-454E-8923-F76BF327D4D4}.Release|Any CPU.ActiveCfg = Release|Any CPU
		{BE19D48C-EE7B-454E-8923-F76BF327D4D4}.Release|Any CPU.Build.0 = Release|Any CPU
	EndGlobalSection
	GlobalSection(SolutionProperties) = preSolution
		HideSolutionNode = FALSE
	EndGlobalSection
EndGlobal
